PODS:
  - Alamofire (5.1.0)
  - Eureka (5.2.1)
  - SwiftyJSON (5.0.0)
  - Unbox (4.0.0)
  - Wrap (3.0.0)

DEPENDENCIES:
  - Alamofire
  - Eureka
  - SwiftyJSON
  - Unbox
  - Wrap

SPEC REPOS:
  https://github.com/CocoaPods/Specs.git:
    - Alamofire
    - Eureka
    - SwiftyJSON
    - Unbox
    - Wrap

SPEC CHECKSUMS:
  Alamofire: 9d5c5f602928e512395b30950c5984eca840093c
  Eureka: c883105488e05bc65539f583246ecf9657cabbfe
  SwiftyJSON: 36413e04c44ee145039d332b4f4e2d3e8d6c4db7
  Unbox: d2677af8fde59a30141e02981b11cb6a0e3b6bc5
  Wrap: 918fdb5157e4f701f9503b2633752d6f94616f84

PODFILE CHECKSUM: 91f3308cfc67bc36bc3aa58e00ca6c7b2c0eb95b

COCOAPODS: 1.9.1
